# This file was autogenerated by uv via the following command:
#    uv pip compile --python-version=3.12 --extra=dev --output-file=requirements-dev.lock pyproject.toml
coverage==7.10.7
    # via pytest-cov
iniconfig==2.1.0
    # via pytest
librt==0.8.0
    # via mypy
mypy==1.19.1
    # via brig (pyproject.toml)
mypy-extensions==1.1.0
    # via mypy
packaging==26.0
    # via pytest
pathspec==1.0.4
    # via mypy
pluggy==1.6.0
    # via
    #   pytest
    #   pytest-cov
py-cpuinfo==9.0.0
    # via pytest-benchmark
pygments==2.19.2
    # via pytest
pytest==8.4.2
    # via
    #   brig (pyproject.toml)
    #   pytest-benchmark
    #   pytest-cov
pytest-benchmark==5.2.3
    # via brig (pyproject.toml)
pytest-cov==7.0.0
    # via brig (pyproject.toml)
pyyaml==6.0.3
    # via brig (pyproject.toml)
ruff==0.15.1
    # via brig (pyproject.toml)
typing-extensions==4.15.0
    # via mypy
